
Microsoft Visual Studio Solution File, Format Version 12.00
# Visual Studio Version 16
VisualStudioVersion = 16.0.30114.105
MinimumVisualStudioVersion = 10.0.40219.1
Project("{FAE04EC0-301F-11D3-BF4B-00C04F79EFBC}") = "Discord RPC", "Discord RPC\Discord RPC.csproj", "{8272D6C5-A558-4D2D-8B16-0B0486BE0D37}"
EndProject
Global
	GlobalSection(SolutionConfigurationPlatforms) = preSolution
		Debug|Any CPU = Debug|Any CPU
		Release|Any CPU = Release|Any CPU
	EndGlobalSection
	GlobalSection(ProjectConfigurationPlatforms) = postSolution
		{8272D6C5-A558-4D2D-8B16-0B0486BE0D37}.Debug|Any CPU.ActiveCfg = Debug|Any CPU
		{8272D6C5-A558-4D2D-8B16-0B0486BE0D37}.Debug|Any CPU.Build.0 = Debug|Any CPU
		{8272D6C5-A558-4D2D-8B16-0B0486BE0D37}.Release|Any CPU.ActiveCfg = Release|Any CPU
		{8272D6C5-A558-4D2D-8B16-0B0486BE0D37}.Release|Any CPU.Build.0 = Release|Any CPU
	EndGlobalSection
	GlobalSection(SolutionProperties) = preSolution
		HideSolutionNode = FALSE
	EndGlobalSection
	GlobalSection(ExtensibilityGlobals) = postSolution
		SolutionGuid = {DF20CE79-94DF-4DAC-89C8-F3A72639BF09}
	EndGlobalSection
EndGlobal
